<?xml version="1.0" encoding="utf-8"?>
<Project ToolsVersion="17.0" xmlns="http://schemas.microsoft.com/developer/msbuild/2003">
  <ItemGroup>
    <CustomBuild Include="E:\GITHUB\comp-557-graphics\L01\build\CMakeFiles\8c1d78f0b3400ec960c55cefcfee5fb7\update_mappings.rule">
      <Filter>CMake Rules</Filter>
    </CustomBuild>
    <CustomBuild Include="E:\GITHUB\comp-557-graphics\libs\glfw-3.3.8\src\CMakeLists.txt" />
  </ItemGroup>
  <ItemGroup>
    <None Include="E:\GITHUB\comp-557-graphics\libs\glfw-3.3.8\src\mappings.h.in">
      <Filter>Header Files</Filter>
    </None>
    <None Include="E:\GITHUB\comp-557-graphics\libs\glfw-3.3.8\CMake\GenerateMappings.cmake" />
    <None Include="E:\GITHUB\comp-557-graphics\libs\glfw-3.3.8\debug\src\CMakeFiles\update_mappings" />
  </ItemGroup>
  <ItemGroup>
    <Filter Include="CMake Rules">
      <UniqueIdentifier>{87FEB236-A88A-36D6-8387-E7A08A72AEE4}</UniqueIdentifier>
    </Filter>
    <Filter Include="Header Files">
      <UniqueIdentifier>{D20AA82A-AB8D-37E8-A7FD-C2A76B9E2A8E}</UniqueIdentifier>
    </Filter>
  </ItemGroup>
</Project>
