
Microsoft Visual Studio Solution File, Format Version 12.00
# Visual Studio Version 17
Project("{2150E333-8FDC-42A3-9474-1A3956D46DE8}") = "CMakePredefinedTargets", "CMakePredefinedTargets", "{4418E6D0-E611-3AFC-8352-036C28BF5451}"
EndProject
Project("{2150E333-8FDC-42A3-9474-1A3956D46DE8}") = "GLFW3", "GLFW3", "{6C46FEBE-ACAB-3F41-8C7C-2FE03184412B}"
EndProject
Project("{8BC9CEB8-8B4A-11D0-8D11-00A0C91BC942}") = "ALL_BUILD", "ALL_BUILD.vcxproj", "{B6561C0A-8A59-33DA-9862-20C371E3F80C}"
	ProjectSection(ProjectDependencies) = postProject
		{537D9636-3C14-385C-9EA8-3761435F1A9B} = {537D9636-3C14-385C-9EA8-3761435F1A9B}
		{B782C55C-FEBD-3C55-B581-E31D758B7EA0} = {B782C55C-FEBD-3C55-B581-E31D758B7EA0}
	EndProjectSection
EndProject
Project("{8BC9CEB8-8B4A-11D0-8D11-00A0C91BC942}") = "INSTALL", "INSTALL.vcxproj", "{F729F220-1AC9-3651-8CAD-708012488E55}"
	ProjectSection(ProjectDependencies) = postProject
		{B6561C0A-8A59-33DA-9862-20C371E3F80C} = {B6561C0A-8A59-33DA-9862-20C371E3F80C}
		{537D9636-3C14-385C-9EA8-3761435F1A9B} = {537D9636-3C14-385C-9EA8-3761435F1A9B}
	EndProjectSection
EndProject
Project("{8BC9CEB8-8B4A-11D0-8D11-00A0C91BC942}") = "ZERO_CHECK", "E:\GITHUB\comp-557-graphics\L01\build\ZERO_CHECK.vcxproj", "{537D9636-3C14-385C-9EA8-3761435F1A9B}"
	ProjectSection(ProjectDependencies) = postProject
	EndProjectSection
EndProject
Project("{8BC9CEB8-8B4A-11D0-8D11-00A0C91BC942}") = "glfw", "src\glfw.vcxproj", "{B782C55C-FEBD-3C55-B581-E31D758B7EA0}"
	ProjectSection(ProjectDependencies) = postProject
		{537D9636-3C14-385C-9EA8-3761435F1A9B} = {537D9636-3C14-385C-9EA8-3761435F1A9B}
	EndProjectSection
EndProject
Project("{8BC9CEB8-8B4A-11D0-8D11-00A0C91BC942}") = "uninstall", "uninstall.vcxproj", "{54D773E7-C756-3301-9AA0-2F3F7DC1BE0F}"
	ProjectSection(ProjectDependencies) = postProject
		{537D9636-3C14-385C-9EA8-3761435F1A9B} = {537D9636-3C14-385C-9EA8-3761435F1A9B}
	EndProjectSection
EndProject
Project("{8BC9CEB8-8B4A-11D0-8D11-00A0C91BC942}") = "update_mappings", "src\update_mappings.vcxproj", "{849F273B-7ABA-3689-9B9F-CC5EA0B354D1}"
	ProjectSection(ProjectDependencies) = postProject
		{537D9636-3C14-385C-9EA8-3761435F1A9B} = {537D9636-3C14-385C-9EA8-3761435F1A9B}
	EndProjectSection
EndProject
Global
	GlobalSection(SolutionConfigurationPlatforms) = preSolution
		Debug|x64 = Debug|x64
		Release|x64 = Release|x64
		MinSizeRel|x64 = MinSizeRel|x64
		RelWithDebInfo|x64 = RelWithDebInfo|x64
	EndGlobalSection
	GlobalSection(ProjectConfigurationPlatforms) = postSolution
		{B6561C0A-8A59-33DA-9862-20C371E3F80C}.Debug|x64.ActiveCfg = Debug|x64
		{B6561C0A-8A59-33DA-9862-20C371E3F80C}.Debug|x64.Build.0 = Debug|x64
		{B6561C0A-8A59-33DA-9862-20C371E3F80C}.Release|x64.ActiveCfg = Release|x64
		{B6561C0A-8A59-33DA-9862-20C371E3F80C}.Release|x64.Build.0 = Release|x64
		{B6561C0A-8A59-33DA-9862-20C371E3F80C}.MinSizeRel|x64.ActiveCfg = MinSizeRel|x64
		{B6561C0A-8A59-33DA-9862-20C371E3F80C}.MinSizeRel|x64.Build.0 = MinSizeRel|x64
		{B6561C0A-8A59-33DA-9862-20C371E3F80C}.RelWithDebInfo|x64.ActiveCfg = RelWithDebInfo|x64
		{B6561C0A-8A59-33DA-9862-20C371E3F80C}.RelWithDebInfo|x64.Build.0 = RelWithDebInfo|x64
		{F729F220-1AC9-3651-8CAD-708012488E55}.Debug|x64.ActiveCfg = Debug|x64
		{F729F220-1AC9-3651-8CAD-708012488E55}.Release|x64.ActiveCfg = Release|x64
		{F729F220-1AC9-3651-8CAD-708012488E55}.MinSizeRel|x64.ActiveCfg = MinSizeRel|x64
		{F729F220-1AC9-3651-8CAD-708012488E55}.RelWithDebInfo|x64.ActiveCfg = RelWithDebInfo|x64
		{537D9636-3C14-385C-9EA8-3761435F1A9B}.Debug|x64.ActiveCfg = Debug|x64
		{537D9636-3C14-385C-9EA8-3761435F1A9B}.Debug|x64.Build.0 = Debug|x64
		{537D9636-3C14-385C-9EA8-3761435F1A9B}.Release|x64.ActiveCfg = Release|x64
		{537D9636-3C14-385C-9EA8-3761435F1A9B}.Release|x64.Build.0 = Release|x64
		{537D9636-3C14-385C-9EA8-3761435F1A9B}.MinSizeRel|x64.ActiveCfg = MinSizeRel|x64
		{537D9636-3C14-385C-9EA8-3761435F1A9B}.MinSizeRel|x64.Build.0 = MinSizeRel|x64
		{537D9636-3C14-385C-9EA8-3761435F1A9B}.RelWithDebInfo|x64.ActiveCfg = RelWithDebInfo|x64
		{537D9636-3C14-385C-9EA8-3761435F1A9B}.RelWithDebInfo|x64.Build.0 = RelWithDebInfo|x64
		{B782C55C-FEBD-3C55-B581-E31D758B7EA0}.Debug|x64.ActiveCfg = Debug|x64
		{B782C55C-FEBD-3C55-B581-E31D758B7EA0}.Debug|x64.Build.0 = Debug|x64
		{B782C55C-FEBD-3C55-B581-E31D758B7EA0}.Release|x64.ActiveCfg = Release|x64
		{B782C55C-FEBD-3C55-B581-E31D758B7EA0}.Release|x64.Build.0 = Release|x64
		{B782C55C-FEBD-3C55-B581-E31D758B7EA0}.MinSizeRel|x64.ActiveCfg = MinSizeRel|x64
		{B782C55C-FEBD-3C55-B581-E31D758B7EA0}.MinSizeRel|x64.Build.0 = MinSizeRel|x64
		{B782C55C-FEBD-3C55-B581-E31D758B7EA0}.RelWithDebInfo|x64.ActiveCfg = RelWithDebInfo|x64
		{B782C55C-FEBD-3C55-B581-E31D758B7EA0}.RelWithDebInfo|x64.Build.0 = RelWithDebInfo|x64
		{54D773E7-C756-3301-9AA0-2F3F7DC1BE0F}.Debug|x64.ActiveCfg = Debug|x64
		{54D773E7-C756-3301-9AA0-2F3F7DC1BE0F}.Release|x64.ActiveCfg = Release|x64
		{54D773E7-C756-3301-9AA0-2F3F7DC1BE0F}.MinSizeRel|x64.ActiveCfg = MinSizeRel|x64
		{54D773E7-C756-3301-9AA0-2F3F7DC1BE0F}.RelWithDebInfo|x64.ActiveCfg = RelWithDebInfo|x64
		{849F273B-7ABA-3689-9B9F-CC5EA0B354D1}.Debug|x64.ActiveCfg = Debug|x64
		{849F273B-7ABA-3689-9B9F-CC5EA0B354D1}.Release|x64.ActiveCfg = Release|x64
		{849F273B-7ABA-3689-9B9F-CC5EA0B354D1}.MinSizeRel|x64.ActiveCfg = MinSizeRel|x64
		{849F273B-7ABA-3689-9B9F-CC5EA0B354D1}.RelWithDebInfo|x64.ActiveCfg = RelWithDebInfo|x64
	EndGlobalSection
	GlobalSection(NestedProjects) = preSolution
		{B6561C0A-8A59-33DA-9862-20C371E3F80C} = {4418E6D0-E611-3AFC-8352-036C28BF5451}
		{F729F220-1AC9-3651-8CAD-708012488E55} = {4418E6D0-E611-3AFC-8352-036C28BF5451}
		{537D9636-3C14-385C-9EA8-3761435F1A9B} = {4418E6D0-E611-3AFC-8352-036C28BF5451}
		{B782C55C-FEBD-3C55-B581-E31D758B7EA0} = {6C46FEBE-ACAB-3F41-8C7C-2FE03184412B}
		{54D773E7-C756-3301-9AA0-2F3F7DC1BE0F} = {6C46FEBE-ACAB-3F41-8C7C-2FE03184412B}
		{849F273B-7ABA-3689-9B9F-CC5EA0B354D1} = {6C46FEBE-ACAB-3F41-8C7C-2FE03184412B}
	EndGlobalSection
	GlobalSection(ExtensibilityGlobals) = postSolution
		SolutionGuid = {66197312-4902-3F97-B15D-60956788AFAA}
	EndGlobalSection
	GlobalSection(ExtensibilityAddIns) = postSolution
	EndGlobalSection
EndGlobal
